
Microsoft Visual Studio Solution File, Format Version 12.00
# Visual Studio Version 17
VisualStudioVersion = 17.4.33122.133
MinimumVisualStudioVersion = 10.0.40219.1
Project("{FAE04EC0-301F-11D3-BF4B-00C04F79EFBC}") = "5ta", "5ta\5ta.csproj", "{31D29DA9-9226-4238-9504-7BF506A14BB3}"
EndProject
Global
	GlobalSection(SolutionConfigurationPlatforms) = preSolution
		Debug|Any CPU = Debug|Any CPU
		Release|Any CPU = Release|Any CPU
	EndGlobalSection
	GlobalSection(ProjectConfigurationPlatforms) = postSolution
		{31D29DA9-9226-4238-9504-7BF506A14BB3}.Debug|Any CPU.ActiveCfg = Debug|Any CPU
		{31D29DA9-9226-4238-9504-7BF506A14BB3}.Debug|Any CPU.Build.0 = Debug|Any CPU
		{31D29DA9-9226-4238-9504-7BF506A14BB3}.Release|Any CPU.ActiveCfg = Release|Any CPU
		{31D29DA9-9226-4238-9504-7BF506A14BB3}.Release|Any CPU.Build.0 = Release|Any CPU
	EndGlobalSection
	GlobalSection(SolutionProperties) = preSolution
		HideSolutionNode = FALSE
	EndGlobalSection
	GlobalSection(ExtensibilityGlobals) = postSolution
		SolutionGuid = {E298F29C-74F8-4C69-A337-2C6FBBFAB680}
	EndGlobalSection
EndGlobal
